# This file is automatically @generated by Cargo.
# It is not intended for manual editing.
version = 3

[[package]]
name = "commands"
version = "0.0.1"
dependencies = [
 "data-model",
]

[[package]]
name = "csv-engine"
version = "0.0.1"

[[package]]
name = "data-model"
version = "0.0.1"
dependencies = [
 "csv-engine",
]

[[package]]
name = "file-format"
version = "0.0.1"
dependencies = [
 "csv-engine",
 "data-model",
]

[[package]]
name = "grid"
version = "0.0.1"
dependencies = [
 "data-model",
]

[[package]]
name = "spreadsheet"
version = "0.0.1"
dependencies = [
 "commands",
 "csv-engine",
 "data-model",
 "file-format",
 "grid",
]
